{
  "lockfileVersion": 2,
  "configVersion": 1,
  "workspaces": {
    "": {
      "name": "ts",
      "dependencies": {
        "@opentui/core": "^0.5.11",
        "@opentui/react": "^0.5.11",
        "cli-spinners": "^3.4.0",
        "commander": "^15.0.0",
        "dotenv": "^17.4.2",
        "google-auth-library": "^11.0.2",
        "react": "^19.3.0",
        "yaml": "^2.9.1",
      },
      "devDependencies": {
        "@radix-ui/react-slot": "^1.3.3",
        "@radix-ui/react-tooltip": "^1.2.16",
        "@types/bun": "^1.4.2",
        "@types/react": "^19.3.0",
        "@types/react-dom": "19.3.0",
        "bun-plugin-tailwind": "^0.1.2",
        "class-variance-authority": "^0.7.1",
        "clsx": "^2.1.1",
        "jscpd": "^5.2.0",
        "knip": "^6.35.1",
        "lucide-react": "^1.46.0",
        "react-dom": "19.3.0",
        "tailwind-merge": "^3.7.0",
        "tailwindcss": "^4.3.3",
        "typescript": "6.0.3",
        "uplot": "^1.6.32",
      },
    },
  },
  "packages": {
    "@emnapi/core": ["@emnapi/core@1.11.2", "", { "dependencies": { "@emnapi/wasi-threads": "1.2.2", "tslib": "^2.4.0" } }, "sha512-TC8MkTuZUtcTSiFeuC0ksCh9QIJ5+F21MvZ4Wn4ORfYaFJ/0dsiudv5tVkejgwZlwQ39jL9WWDe2lz8x0WglOA=="],

    "@emnapi/runtime": ["@emnapi/runtime@1.11.2", "", { "dependencies": { "tslib": "^2.4.0" } }, "sha512-kyOl3X0DuTiT1h2ft8r2fYO8JYtU9a9Xis/zBSiGArNaagCOWx90N1k2wxp18czFDH+OgcWGb5ZP/XMt3dcyPA=="],

    "@emnapi/wasi-threads": ["@emnapi/wasi-threads@1.2.2", "", { "dependencies": { "tslib": "^2.4.0" } }, "sha512-c95qOXkHdydNKhscBTebqEC1CVAZpyqOfVfBzQ1qgzyl3gfeldUjIggDbIZgDKsHLgnsM+igH7TJ/eAasaVuMA=="],

    "@floating-ui/core": ["@floating-ui/core@1.8.0", "", { "dependencies": { "@floating-ui/utils": "^0.2.12" } }, "sha512-0CIZ5itps/8x7BG8dEIhs53BvCUH2PCoogtakwRTut+Arm58sJooJ0AuZhLw2HJYIR5cMLNPBSS728sPho2khQ=="],

    "@floating-ui/dom": ["@floating-ui/dom@1.8.0", "", { "dependencies": { "@floating-ui/core": "^1.8.0", "@floating-ui/utils": "^0.2.12" } }, "sha512-yXSrzeHZBTZadLOlfyhCkJHNeLJnHRnRInwdZ40L7ZiaAtrBwoYlsDrX3v5zB1Utk7CLfzcOVnVVWoXEky7Ceg=="],

    "@floating-ui/react-dom": ["@floating-ui/react-dom@2.1.9", "", { "dependencies": { "@floating-ui/dom": "^1.8.0" }, "peerDependencies": { "react": ">=16.8.0", "react-dom": ">=16.8.0" } }, "sha512-JDjEFGCpImxDCA7JJKviA0M9+RtmJdj0m/NVU5IMgBK+AmZouAQQ7/+2GLH0GXXY0YMw9oXPB8hKdbPYg5QLYg=="],

    "@floating-ui/utils": ["@floating-ui/utils@0.2.12", "", {}, "sha512-HpCo8tmWzLVad5s2d19EhAz5zqrrQ6s69qd6moPMQvkOuSwDT1YgRfWSVuc4ennqrgv3OHppiOGMQ7oC13yIww=="],

    "@napi-rs/wasm-runtime": ["@napi-rs/wasm-runtime@1.2.3", "", { "dependencies": { "@tybys/wasm-util": "^0.10.3" }, "peerDependencies": { "@emnapi/core": "^1.7.1 || ^2.0.0-alpha.4", "@emnapi/runtime": "^1.7.1 || ^2.0.0-alpha.4" } }, "sha512-UMduMbqO5s5zF2NkNacMT/yK5Y5QiKvWr2+50bzIIxFDwVJ2h49b+oyjaCGPhJxd2/gC2x39EHv/gHVuu36x2Q=="],

    "@opentui/core": ["@opentui/core@0.5.11", "", { "dependencies": { "bun-ffi-structs": "0.3.1", "diff": "9.0.0", "marked": "17.0.1", "string-width": "7.2.0", "strip-ansi": "7.1.2" }, "optionalDependencies": { "@opentui/core-darwin-arm64": "0.5.11", "@opentui/core-darwin-x64": "0.5.11", "@opentui/core-linux-arm64": "0.5.11", "@opentui/core-linux-arm64-musl": "0.5.11", "@opentui/core-linux-x64": "0.5.11", "@opentui/core-linux-x64-musl": "0.5.11", "@opentui/core-win32-arm64": "0.5.11", "@opentui/core-win32-x64": "0.5.11" }, "peerDependencies": { "web-tree-sitter": "0.25.10" } }, "sha512-pImMfjCNx7JUp9Df1LRZBDLisWqgzOLXZKXO+hh3jA9ujBFPQnZOqbG+/N5uVAAX8IZGaqhYSQRwSZIFBmcfbQ=="],

    "@opentui/core-darwin-arm64": ["@opentui/core-darwin-arm64@0.5.11", "", { "os": "darwin", "cpu": "arm64" }, "sha512-DRXY5ioq+n1ZNAMAcaFaBunr0cmi2gqucjbTW7lgFp8t9uN3fNZnLTDOqkCTQtT2XhrU4GXqySaPSQ4qFG/EAQ=="],

    "@opentui/core-darwin-x64": ["@opentui/core-darwin-x64@0.5.11", "", { "os": "darwin", "cpu": "x64" }, "sha512-yP/8GliJDiJNm8YYJKvgWuy6xyCEd8d4GwBVOIzCFOI7ZIbGP8GOTvmwIjRW4Paw20pTttWMWyRoQiCvOXvH2g=="],

    "@opentui/core-linux-arm64": ["@opentui/core-linux-arm64@0.5.11", "", { "os": "linux", "cpu": "arm64" }, "sha512-zBIsRFHlLUYFNhapRSNt9dz4mC8gZ4Wxcfy3A+2AwqsgCipcr2FkIuAXYqN08q+IvqFX7DfqgIFGWDNedHTPUg=="],

    "@opentui/core-linux-arm64-musl": ["@opentui/core-linux-arm64-musl@0.5.11", "", { "os": "linux", "cpu": "arm64" }, "sha512-x+xeR2LYibvIi/qQetRjJR008sFRve60QuDcO8ItxUwzFeKTDzl5CEiZpBXfm5I4FhRNuyuj0TSPIFadMvrjFQ=="],

    "@opentui/core-linux-x64": ["@opentui/core-linux-x64@0.5.11", "", { "os": "linux", "cpu": "x64" }, "sha512-pSOXqOADrv+zINOgR3FDFA9zVRaim3zl8/yhtO+X9rEJ6f34z3gDund0Gf88hNJSMpZK5xWtipEVm28RY5VF8w=="],

    "@opentui/core-linux-x64-musl": ["@opentui/core-linux-x64-musl@0.5.11", "", { "os": "linux", "cpu": "x64" }, "sha512-MyqOnSs8pTYG2xmFr1xt6xZIuHu2Xu4pkle9my9JdE+WClmusHf0YN9Eas6jQLAq5XUi34r22wMeK0juk93zyw=="],

    "@opentui/core-win32-arm64": ["@opentui/core-win32-arm64@0.5.11", "", { "os": "win32", "cpu": "arm64" }, "sha512-MGGRXIDJ//HyaqC5ndSr7/CUl+ICdYEAMcjbA00UWsthh4ZO/rYhPkyqOaTn5ck6+G4ca3/+M76J+jImMYTjNg=="],

    "@opentui/core-win32-x64": ["@opentui/core-win32-x64@0.5.11", "", { "os": "win32", "cpu": "x64" }, "sha512-sMEGX9rhiPd1gBa190jzj5uIdzKCMImxHmr22hJLxIRWqejxWvqGnRBkW68wT8NfMViDiMtZWavgWL7GgmYCAQ=="],

    "@opentui/react": ["@opentui/react@0.5.11", "", { "dependencies": { "@opentui/core": "0.5.11", "react-reconciler": "^0.33.0" }, "peerDependencies": { "react": ">=19.2.0", "react-devtools-core": "^7.0.1", "ws": "^8.18.0" } }, "sha512-ACH6Kpl3/O1zdNL0sZtzrnxfw0+auJu4eefIbPTAPuNEessyuhd2xvV4agrdWRJCeogywS7er5k7uS/8YRWnZg=="],

    "@oven/bun-darwin-aarch64": ["@oven/bun-darwin-aarch64@1.4.2", "", { "os": "darwin", "cpu": "arm64" }, "sha512-MXdZkP1featqxZ+/VTXWG1BVjM4OGBehVY2Q88EeUj/7L0UMeCGItmyPYTN+wxvlGJ6F66JEtzsw+GvQWewnag=="],

    "@oven/bun-darwin-x64": ["@oven/bun-darwin-x64@1.4.2", "", { "os": "darwin", "cpu": "x64" }, "sha512-gZTxZuLjkUhAWjTETu3tw0WhsEdNkJ64daj60ybhPf835a2yollV3yTkK9JozvzKPx4TRFzLSl8C+U525pxVbw=="],

    "@oven/bun-freebsd-aarch64": ["@oven/bun-freebsd-aarch64@1.4.2", "", { "os": "freebsd", "cpu": "arm64" }, "sha512-SMNItMw1Z8QeeQVKnw8jA7xQNkeXdP+OPgin4Wi/QTx/B8RHHLnuZfqmFy7NtVeT2NF0kKYppW4WWd2CCYZjhQ=="],

    "@oven/bun-freebsd-x64": ["@oven/bun-freebsd-x64@1.4.2", "", { "os": "freebsd", "cpu": "x64" }, "sha512-THbPKXhO54N0DpFRKZNDZpQ7dpbX0bWASuARckAUS9wRtFIHsiY+uULXJvxJGo2YD1YewvXQ4G8Fj7XT5oBCiw=="],

    "@oven/bun-linux-aarch64": ["@oven/bun-linux-aarch64@1.4.2", "", { "os": "linux", "cpu": "arm64" }, "sha512-3BBP9ovJ2RGHFH6Ae1CAtxNtG1+YY6GD6rmYbsUosoAk9+OEl6zeDQ/k4fBkc6dYOJCtWnx8hUxzNzQATSmvYQ=="],

    "@oven/bun-linux-aarch64-android": ["@oven/bun-linux-aarch64-android@1.4.2", "", { "os": "android", "cpu": "arm64" }, "sha512-3mZKO2rhsNgbAUtAHC1UKUlF2zTxFraDZT/Elv8wzyH0fJL9h+Iv3TgB9lO63w89PRn3eFe+NRA1bhVgikKNPQ=="],

    "@oven/bun-linux-aarch64-musl": ["@oven/bun-linux-aarch64-musl@1.4.2", "", { "os": "linux", "cpu": "arm64" }, "sha512-+Sm6y+lSiSFBOtXmnekp5Q6n1tUKlyv71FCPWBc61Cgb14T5eBs8SN/nh4MUCOKzONkI3O+as3MGUgikS4aCBQ=="],

    "@oven/bun-linux-x64": ["@oven/bun-linux-x64@1.4.2", "", { "os": "linux", "cpu": "x64" }, "sha512-9/E/UXOTpSo3YsV5g+FhtTd/qTpiWoKuxS12cqtuYA1ssu9fRAoPQnipFgGyck3tWO63iUdxBiygq+kELFawng=="],

    "@oven/bun-linux-x64-android": ["@oven/bun-linux-x64-android@1.4.2", "", { "os": "android", "cpu": "x64" }, "sha512-6HC5tzcC79113n2IHCTJMWv+HsQImv4ZFEK2XpYLxY6HbT8tM4cUM2Zv1bHZBQsS3jv/zYBamDJ1UX7If0d5tw=="],

    "@oven/bun-linux-x64-musl": ["@oven/bun-linux-x64-musl@1.4.2", "", { "os": "linux", "cpu": "x64" }, "sha512-vVTKUg1bnPhRP/Hp73jIVoFh2vPFNYEqYX0ERKfZBOQEEHitNAeukZzzuUDZS0SoDCIpuWUGSpd/CDMbjdR+Uw=="],

    "@oven/bun-windows-aarch64": ["@oven/bun-windows-aarch64@1.4.2", "", { "os": "win32", "cpu": "arm64" }, "sha512-8EJ1ST7339WJE3poPW5nBgVW/lWf9HBz4W27ZUNhburKmcBLOByPyE6DP9fHD8FQGm5c+ilUN2hX1mrW0jxq9Q=="],

    "@oven/bun-windows-x64": ["@oven/bun-windows-x64@1.4.2", "", { "os": "win32", "cpu": "x64" }, "sha512-+bN6OuVld/9diT/RLSXSW7JE6CvNE3gL9XsAEjULi1nUsXd6DNO6GuA9jNdNb3r8PdJFnYHr5aypNV1Oj3Rd9g=="],

    "@oxc-parser/binding-android-arm-eabi": ["@oxc-parser/binding-android-arm-eabi@0.148.0", "", { "os": "android", "cpu": "arm" }, "sha512-pHASv9g5pASxb7akHERZNSkrEqPhFaUix98o7d9hbTpolnnFWl7UiRrcMhCsV1+iVO4/cJwKsbKRJTFNs2tdBQ=="],

    "@oxc-parser/binding-android-arm64": ["@oxc-parser/binding-android-arm64@0.148.0", "", { "os": "android", "cpu": "arm64" }, "sha512-sg/6Ez0KdAygsu0POELux9wN1Po2CP93WY8eNl4DBKIGprsd4QSHBXOb471Pu9i2OCD5sLkISSb2agZEhVn2Zw=="],

    "@oxc-parser/binding-darwin-arm64": ["@oxc-parser/binding-darwin-arm64@0.148.0", "", { "os": "darwin", "cpu": "arm64" }, "sha512-yiSJmzGUvCUaJT8X3j40gVcX+ckuHQMuiOtF8DvzTs5+JtB/7XuHFPp4M+vv5u+HlBtDUd4Ks5pyHpWz8mfnkg=="],

    "@oxc-parser/binding-darwin-x64": ["@oxc-parser/binding-darwin-x64@0.148.0", "", { "os": "darwin", "cpu": "x64" }, "sha512-6ZeklaamrMy4H2JmhvcJg6iip59tYILtuLaILxyAHT3l5FDxnI5ihVievAft5ZmAbqtlWHErOi1OpJK8gy1wcA=="],

    "@oxc-parser/binding-freebsd-x64": ["@oxc-parser/binding-freebsd-x64@0.148.0", "", { "os": "freebsd", "cpu": "x64" }, "sha512-vFsPx+a/qFECPnz/H8nC6x6MDvnWscLTCo/5muojEF54ERUq1kdgbvnWo95YnkhjF9sTIcG/uDxQBh1gffaufQ=="],

    "@oxc-parser/binding-linux-arm-gnueabihf": ["@oxc-parser/binding-linux-arm-gnueabihf@0.148.0", "", { "os": "linux", "cpu": "arm" }, "sha512-eOr3M+6iGbbxNL4PSS0VtsyQ2eOUxSBh00BqO22SbolDimPSYsBuLr/LCrZBkiqW2BoabhR6V4R8jrRAay7hjg=="],

    "@oxc-parser/binding-linux-arm-musleabihf": ["@oxc-parser/binding-linux-arm-musleabihf@0.148.0", "", { "os": "linux", "cpu": "arm" }, "sha512-58ZKDw0mQRbCNfrd2IDyV4o8T7enzGERJn41BH2tjrZVGyiKiFzcfDicuB7Zcpb/1xIOrObovr8Dja6lZi8dLw=="],

    "@oxc-parser/binding-linux-arm64-gnu": ["@oxc-parser/binding-linux-arm64-gnu@0.148.0", "", { "os": "linux", "cpu": "arm64" }, "sha512-Fnu95O4eZ5i++GPvIzBEZ8y4ddTLR+D9paYa8JRaRk6ZK7nHQiWP5xtrhcPQsXqgat1d7sU/d5rbbI0p1FTHSQ=="],

    "@oxc-parser/binding-linux-arm64-musl": ["@oxc-parser/binding-linux-arm64-musl@0.148.0", "", { "os": "linux", "cpu": "arm64" }, "sha512-3CQy/BMdx7N7H3qrcPxUL+a2CwUZodUcf6oq8iJuNZ9C6Ol1aq3mcWzsgySJ7CHFLvpX21ZDPp1r1X0QLbu/AQ=="],

    "@oxc-parser/binding-linux-ppc64-gnu": ["@oxc-parser/binding-linux-ppc64-gnu@0.148.0", "", { "os": "linux", "cpu": "ppc64" }, "sha512-9LkaYvfiF8hMOw900csAvkf1oxE8XlmMeGowu5BcastSSwV8mKvKRMNU7HsV+ycyj1dQD8pX5qgOw8ja6SJacg=="],

    "@oxc-parser/binding-linux-riscv64-gnu": ["@oxc-parser/binding-linux-riscv64-gnu@0.148.0", "", { "os": "linux", "cpu": "none" }, "sha512-2GBiM9h26dR4WJfhoMvnFMnFLf7m/kYs4UMqjvrOfQG4BV1nuTJDH22Zc2MQr3INZF7nSKYQ6xlhD3hQ7A6gug=="],

    "@oxc-parser/binding-linux-riscv64-musl": ["@oxc-parser/binding-linux-riscv64-musl@0.148.0", "", { "os": "linux", "cpu": "none" }, "sha512-uPqZexvKJmEgq4mAu36qe2xTfXZE7oyik1R7KtZ5tl8qKlq1U1fIqTFRUEBZqRGvforoTrGIpatRzcoPKO66RA=="],

    "@oxc-parser/binding-linux-s390x-gnu": ["@oxc-parser/binding-linux-s390x-gnu@0.148.0", "", { "os": "linux", "cpu": "s390x" }, "sha512-9oUHvnTbp7ZraFsTC8PN6XhdhPSSxZumYvixWl7Smi353gEULvK6yV0sXNVrdFMHQeaDKFCi8TgDhNK7/A+Y+Q=="],

    "@oxc-parser/binding-linux-x64-gnu": ["@oxc-parser/binding-linux-x64-gnu@0.148.0", "", { "os": "linux", "cpu": "x64" }, "sha512-2qhDSJwKzbSZzF7lDqqk8sr/yXsmwr3PeUa4/nazIF+zFAYz1gVPEfC34GQtGxzJUUmklaYAL63368LEfrMeyw=="],

    "@oxc-parser/binding-linux-x64-musl": ["@oxc-parser/binding-linux-x64-musl@0.148.0", "", { "os": "linux", "cpu": "x64" }, "sha512-qQoPDZUFV0bh9xA09XydmkjMBpgc1ukJuhMvzQ9QeVmFaHTS9W5TE5CoLmSl3QQyUP9OuHO3x/WPZTIIZPWR3Q=="],

    "@oxc-parser/binding-openharmony-arm64": ["@oxc-parser/binding-openharmony-arm64@0.148.0", "", { "os": "none", "cpu": "arm64" }, "sha512-1UGbaQWEXUCLqAmaR5kwRDjx/R4S5LQKZkM9CHmaHkuKhriOF32aRLfS0jCRNE2yGQJLMEA1z9UucbBVqjXnDw=="],

    "@oxc-parser/binding-win32-arm64-msvc": ["@oxc-parser/binding-win32-arm64-msvc@0.148.0", "", { "os": "win32", "cpu": "arm64" }, "sha512-pWKdzRDNG2+NK4h/V6U/CYERcfYD6u28h5IB/VJVsrZaD3muvE58tUj22lieL5vLZ+XFi1GPv9YXckZbJZ9BLA=="],

    "@oxc-parser/binding-win32-ia32-msvc": ["@oxc-parser/binding-win32-ia32-msvc@0.148.0", "", { "os": "win32", "cpu": "ia32" }, "sha512-i3p4x+mvwtjcE1J5HM6V7ggsbXiznExN/4MkNyOy3dfXrVV3bnkSfmZxvo6/84qCVX4ShkpNE1SKt9biIF31GQ=="],

    "@oxc-parser/binding-win32-x64-msvc": ["@oxc-parser/binding-win32-x64-msvc@0.148.0", "", { "os": "win32", "cpu": "x64" }, "sha512-Ye6vB7VQulghWYkYkECOBYFRVEizz4XyRTUAv+t8BuyurhKU7uD0P9eowL+mKG5Mf8MSYx+DI3Cm8SKZvYG7bQ=="],

    "@oxc-project/types": ["@oxc-project/types@0.148.0", "", {}, "sha512-Nm4s/jB+4FpFsPhWGEC4h7rzksesmtnMXomo6rCMcg/b8zLQuOziRgkCS1fxDCXOlJB/6Q8oABOZ/OP6RIPj9A=="],

    "@oxc-resolver/binding-android-arm-eabi": ["@oxc-resolver/binding-android-arm-eabi@11.24.2", "", { "os": "android", "cpu": "arm" }, "sha512-y09e0L0SRI2OA2tUIrjBgoV3eH5hvUKXNkJqXmNo5V2WxIjyC7I7aJfRLMEVpA8yi95f90gFDvO0VMgrDw+vwA=="],

    "@oxc-resolver/binding-android-arm64": ["@oxc-resolver/binding-android-arm64@11.24.2", "", { "os": "android", "cpu": "arm64" }, "sha512-cl4icWaZFnLdg8m6qtnh5rBMuGbxc/ptStFHLeCNwr+2cZjkjNwQu/jYRS0CHlnPecOJMpuS5M6/BH+0J/YkEg=="],

    "@oxc-resolver/binding-darwin-arm64": ["@oxc-resolver/binding-darwin-arm64@11.24.2", "", { "os": "darwin", "cpu": "arm64" }, "sha512-At29QEMF6HajbQvgY8K6OXnHD1x9rad74xBEfmCB6ZqCGsdq75aK7tOYcTbOanMy8qdIBrfL3SMr3p/lfSlb9w=="],

    "@oxc-resolver/binding-darwin-x64": ["@oxc-resolver/binding-darwin-x64@11.24.2", "", { "os": "darwin", "cpu": "x64" }, "sha512-A5Kqr1EUj4oIL5CF4WRssq/o5P0Y11cwoFouMRmQ7YnC/A8V93nv1nb7aSU8HwcgmXropjLNkVTl4MN87cu28Q=="],

    "@oxc-resolver/binding-freebsd-x64": ["@oxc-resolver/binding-freebsd-x64@11.24.2", "", { "os": "freebsd", "cpu": "x64" }, "sha512-R5xkRBRRz7ceH/P5Jrc6G7FmdUdgpLYyESFAUDVTNQ9K0sGPxcp4ljiwEwEqsvNcQ4sYbMRrWcHHBCu7ksAJVw=="],

    "@oxc-resolver/binding-linux-arm-gnueabihf": ["@oxc-resolver/binding-linux-arm-gnueabihf@11.24.2", "", { "os": "linux", "cpu": "arm" }, "sha512-k/RuYL4L/R58IBn3wT5ma3Wh4k62bp1eYCFRWCmMsasUOqL+H6sW0VGFadEzKWXFFlz+2uIMoeMk9ySSZJHgbg=="],

    "@oxc-resolver/binding-linux-arm-musleabihf": ["@oxc-resolver/binding-linux-arm-musleabihf@11.24.2", "", { "os": "linux", "cpu": "arm" }, "sha512-bnHAak3ujYfH5pKk4NieFNbvYvernfoQDgwLddbZ3OtMYrem87/qjlA+u+aKG0oZcqSLGCful/6/CEA+aeAgaA=="],

    "@oxc-resolver/binding-linux-arm64-gnu": ["@oxc-resolver/binding-linux-arm64-gnu@11.24.2", "", { "os": "linux", "cpu": "arm64" }, "sha512-vDT3KHgzYp47gmtNOqL2VNhCyl5Zv643eyxm//A68J8DeUGXrvD1pZFiaT4jSfe+RInfnn1R2yVHye4enx6RnA=="],

    "@oxc-resolver/binding-linux-arm64-musl": ["@oxc-resolver/binding-linux-arm64-musl@11.24.2", "", { "os": "linux", "cpu": "arm64" }, "sha512-+kMlQvbzfyEYtu5FcjE4p+ttBLpKW4d/AsAsuE69BxV6V4twZJeIQZFfD8gh/wqglY0MkPSezWXQH0jBV13MUw=="],

    "@oxc-resolver/binding-linux-ppc64-gnu": ["@oxc-resolver/binding-linux-ppc64-gnu@11.24.2", "", { "os": "linux", "cpu": "ppc64" }, "sha512-shjfMhmZ3gq9fv/w7bi3PnZlgOPG+2QAOFf0BJF0EgBSIGZ6PMLN2zbGEblTUYB/NKVDRyYhE2ff3dJ1QqNPkA=="],

    "@oxc-resolver/binding-linux-riscv64-gnu": ["@oxc-resolver/binding-linux-riscv64-gnu@11.24.2", "", { "os": "linux", "cpu": "none" }, "sha512-zGelwFR5oRo+b69k8Lrzun86DyUHzfKN6cnjbR9l7Z7NIRznOE/2ZvPa1IUKqAL2PzAXOdwkfVqNvO1H2RlpAw=="],

    "@oxc-resolver/binding-linux-riscv64-musl": ["@oxc-resolver/binding-linux-riscv64-musl@11.24.2", "", { "os": "linux", "cpu": "none" }, "sha512-qxZ1SWCXJY0eyhAlP6Lmo9F2Nrtx7EkYj9oCgL8apDPCwXwCEDA2U697bbT81JIc2IrVjxO4KX6WU2N+oN9Z4w=="],

    "@oxc-resolver/binding-linux-s390x-gnu": ["@oxc-resolver/binding-linux-s390x-gnu@11.24.2", "", { "os": "linux", "cpu": "s390x" }, "sha512-sGCecF3cx2DFlH4t/z7ApnOnXqN48p5p5mlHDEnHTAukQa2P+qMVE4CwyWE9W+q/m3QJ7kKfGrIjax31f44oFQ=="],

    "@oxc-resolver/binding-linux-x64-gnu": ["@oxc-resolver/binding-linux-x64-gnu@11.24.2", "", { "os": "linux", "cpu": "x64" }, "sha512-k/VlMMcSzMlahb3/fENM4rTlsJ0s3fFROA0KXPBmKggqmTSaE383sl8F3KCOXPLmVsYfW6hCitMhXCEtNeZxxg=="],

    "@oxc-resolver/binding-linux-x64-musl": ["@oxc-resolver/binding-linux-x64-musl@11.24.2", "", { "os": "linux", "cpu": "x64" }, "sha512-8hbnZyNi97b/8wapYaIF9+t9GmZKBW2vunaOc3h9HGJptH7b7XpvZqOTBSm/MpTjr7H497BlgOaSfLUdhmy2bw=="],

    "@oxc-resolver/binding-openharmony-arm64": ["@oxc-resolver/binding-openharmony-arm64@11.24.2", "", { "os": "none", "cpu": "arm64" }, "sha512-MvyGik3a6pVgZ0t/kWlbmFxFLmXQJwgLsY2eYFHLpy0wGwRbfzeIGgDwQ3kXqE30z+kSXennRkCrT7TUvkptNg=="],

    "@oxc-resolver/binding-wasm32-wasi": ["@oxc-resolver/binding-wasm32-wasi@11.24.2", "", { "dependencies": { "@emnapi/core": "1.11.2", "@emnapi/runtime": "1.11.2", "@napi-rs/wasm-runtime": "^1.1.6" }, "cpu": "none" }, "sha512-vHcssMPwO08RTvj/c0iOBz90attxyG3wQJ0dTcyEQK43LRpcdLWZlV5feBhv6Isn6ahbQIzHbCgfa81+RiML0Q=="],

    "@oxc-resolver/binding-win32-arm64-msvc": ["@oxc-resolver/binding-win32-arm64-msvc@11.24.2", "", { "os": "win32", "cpu": "arm64" }, "sha512-uokJqro2iBqkFvJdKQLP7d8/BUmFwESQFVmIJUQKj1Xn1a/LysJoe1vmeECLF5b3jsV8CAL5sEMJXX6SdK9Nhg=="],

    "@oxc-resolver/binding-win32-x64-msvc": ["@oxc-resolver/binding-win32-x64-msvc@11.24.2", "", { "os": "win32", "cpu": "x64" }, "sha512-UqGPmo56KDfLlfXFAFIrNflHT8tFxWGEivWg3Zeyp4Uy2NlKN1FGPr6/BxcLGG3+kZ6Wp14g5Uj+n71boqZfiw=="],

    "@radix-ui/primitive": ["@radix-ui/primitive@1.1.7", "", {}, "sha512-rqWnm76nYT8HoNNqEjpgJ7Pw/DrBj5iBTrmEPo6HTX5+VJyBNOqTdv4g89G63HuR5g0AaENoAcH7Is5fF2kZ8Q=="],

    "@radix-ui/react-arrow": ["@radix-ui/react-arrow@1.1.15", "", { "dependencies": { "@radix-ui/react-primitive": "2.1.10" }, "peerDependencies": { "@types/react": "*", "@types/react-dom": "*", "react": "^16.8 || ^17.0 || ^18.0 || ^19.0 || ^19.0.0-rc", "react-dom": "^16.8 || ^17.0 || ^18.0 || ^19.0 || ^19.0.0-rc" }, "optionalPeers": ["@types/react", "@types/react-dom"] }, "sha512-v4zggRcjadnI+ClKDuijlQEW4tw3NoaeHc/PwpKnLoLLKNUG4InLegkstooLcRIUWCs+8L22dGURCVuFfOKfnA=="],

    "@radix-ui/react-compose-refs": ["@radix-ui/react-compose-refs@1.1.5", "", { "peerDependencies": { "@types/react": "*", "react": "^16.8 || ^17.0 || ^18.0 || ^19.0 || ^19.0.0-rc" }, "optionalPeers": ["@types/react"] }, "sha512-+48PbAAbq3didjJxa+OaWY2ZwgAKsNiRGyeHKszblZMQ+kcpd9pAaT11cMkGEie0vsOi3QdeTE6d5Fe3Gn61kA=="],

    "@radix-ui/react-context": ["@radix-ui/react-context@1.2.2", "", { "peerDependencies": { "@types/react": "*", "react": "^16.8 || ^17.0 || ^18.0 || ^19.0 || ^19.0.0-rc" }, "optionalPeers": ["@types/react"] }, "sha512-RHCUGwKHDr0hDGg4X7ma4JG4/+12qxw8rkh5QKdDldlCvtja6nUx1Ef/8HVrJze81lEsgLQlqjzjGNHantgnQA=="],

    "@radix-ui/react-dismissable-layer": ["@radix-ui/react-dismissable-layer@1.1.19", "", { "dependencies": { "@radix-ui/primitive": "1.1.7", "@radix-ui/react-compose-refs": "1.1.5", "@radix-ui/react-primitive": "2.1.10", "@radix-ui/react-use-callback-ref": "1.1.4", "@radix-ui/react-use-effect-event": "0.0.5" }, "peerDependencies": { "@types/react": "*", "@types/react-dom": "*", "react": "^16.8 || ^17.0 || ^18.0 || ^19.0 || ^19.0.0-rc", "react-dom": "^16.8 || ^17.0 || ^18.0 || ^19.0 || ^19.0.0-rc" }, "optionalPeers": ["@types/react", "@types/react-dom"] }, "sha512-8g4pfOL9HoKKLWGiypT+dphVqjFfmcXO5GBnhsG6zI+lxAx/8feQpr+1LSN8Re3hiZ+XkLNS4O9ztK11/LzQ6w=="],

    "@radix-ui/react-id": ["@radix-ui/react-id@1.1.4", "", { "dependencies": { "@radix-ui/react-use-layout-effect": "1.1.4" }, "peerDependencies": { "@types/react": "*", "react": "^16.8 || ^17.0 || ^18.0 || ^19.0 || ^19.0.0-rc" }, "optionalPeers": ["@types/react"] }, "sha512-TMQp2llA+RYn7JcjnrMnz7wN4pcVttPZnRZo52PLQsoLVKzNlVwUeHmfePgTgRluXFvlD3GD5g5MOVVTJCO0qA=="],

    "@radix-ui/react-popper": ["@radix-ui/react-popper@1.3.7", "", { "dependencies": { "@floating-ui/react-dom": "^2.0.0", "@radix-ui/react-arrow": "1.1.15", "@radix-ui/react-compose-refs": "1.1.5", "@radix-ui/react-context": "1.2.2", "@radix-ui/react-primitive": "2.1.10", "@radix-ui/react-use-callback-ref": "1.1.4", "@radix-ui/react-use-layout-effect": "1.1.4", "@radix-ui/react-use-rect": "1.1.4", "@radix-ui/react-use-size": "1.1.4", "@radix-ui/rect": "1.1.3" }, "peerDependencies": { "@types/react": "*", "@types/react-dom": "*", "react": "^16.8 || ^17.0 || ^18.0 || ^19.0 || ^19.0.0-rc", "react-dom": "^16.8 || ^17.0 || ^18.0 || ^19.0 || ^19.0.0-rc" }, "optionalPeers": ["@types/react", "@types/react-dom"] }, "sha512-UsJrrd7w4wuKKTdvd/DNERVlwSlUcyXzjhyDwBk+3aPOsCjOY6ZSbxuw8E6lZTjjfP8Cpd0J8VVkrYUWyGYXyg=="],

    "@radix-ui/react-portal": ["@radix-ui/react-portal@1.1.17", "", { "dependencies": { "@radix-ui/react-primitive": "2.1.10", "@radix-ui/react-use-layout-effect": "1.1.4" }, "peerDependencies": { "@types/react": "*", "@types/react-dom": "*", "react": "^16.8 || ^17.0 || ^18.0 || ^19.0 || ^19.0.0-rc", "react-dom": "^16.8 || ^17.0 || ^18.0 || ^19.0 || ^19.0.0-rc" }, "optionalPeers": ["@types/react", "@types/react-dom"] }, "sha512-vKQLcWypUnwZVvfV7UkGahH2g6ySe8M8R+zYBwPrv5byZ9QAW6cQVvNKo7GgmD+p8aYb6D9JBuvy8/WhOno2wQ=="],

    "@radix-ui/react-presence": ["@radix-ui/react-presence@1.1.10", "", { "dependencies": { "@radix-ui/react-use-layout-effect": "1.1.4" }, "peerDependencies": { "@types/react": "*", "@types/react-dom": "*", "react": "^16.8 || ^17.0 || ^18.0 || ^19.0 || ^19.0.0-rc", "react-dom": "^16.8 || ^17.0 || ^18.0 || ^19.0 || ^19.0.0-rc" }, "optionalPeers": ["@types/react", "@types/react-dom"] }, "sha512-3wyzCQ6+ubRA+D4uv9m95JYLXxmOHp05qjrkjeA7uKHHtjpPggQzc6DAb0URl7j67oR0K2foO4ip27TiX037Bw=="],

    "@radix-ui/react-primitive": ["@radix-ui/react-primitive@2.1.10", "", { "dependencies": { "@radix-ui/react-slot": "1.3.3" }, "peerDependencies": { "@types/react": "*", "@types/react-dom": "*", "react": "^16.8 || ^17.0 || ^18.0 || ^19.0 || ^19.0.0-rc", "react-dom": "^16.8 || ^17.0 || ^18.0 || ^19.0 || ^19.0.0-rc" }, "optionalPeers": ["@types/react", "@types/react-dom"] }, "sha512-MucOnzh6hR5mid6VpkbglRAMYMjKLqRnGBbjXkzjK52fuQDd1qbkx78a5P40mkcnVXJdEVxm26E9OPAiUq7nBg=="],

    "@radix-ui/react-slot": ["@radix-ui/react-slot@1.3.3", "", { "dependencies": { "@radix-ui/react-compose-refs": "1.1.5" }, "peerDependencies": { "@types/react": "*", "react": "^16.8 || ^17.0 || ^18.0 || ^19.0 || ^19.0.0-rc" }, "optionalPeers": ["@types/react"] }, "sha512-qx7oqnYbxnK9kYI9m317qmFmEgo6ywqWvbTogdj7cL9p3/yx4M48p7Rnw5z3H890cL/ow/EeWJsuTykeZVXP5Q=="],

    "@radix-ui/react-tooltip": ["@radix-ui/react-tooltip@1.2.16", "", { "dependencies": { "@radix-ui/primitive": "1.1.7", "@radix-ui/react-compose-refs": "1.1.5", "@radix-ui/react-context": "1.2.2", "@radix-ui/react-dismissable-layer": "1.1.19", "@radix-ui/react-id": "1.1.4", "@radix-ui/react-popper": "1.3.7", "@radix-ui/react-portal": "1.1.17", "@radix-ui/react-presence": "1.1.10", "@radix-ui/react-primitive": "2.1.10", "@radix-ui/react-slot": "1.3.3", "@radix-ui/react-use-controllable-state": "1.2.6", "@radix-ui/react-use-layout-effect": "1.1.4", "@radix-ui/react-visually-hidden": "1.2.11" }, "peerDependencies": { "@types/react": "*", "@types/react-dom": "*", "react": "^16.8 || ^17.0 || ^18.0 || ^19.0 || ^19.0.0-rc", "react-dom": "^16.8 || ^17.0 || ^18.0 || ^19.0 || ^19.0.0-rc" }, "optionalPeers": ["@types/react", "@types/react-dom"] }, "sha512-6EamKFRRnlpdadndbZ6LMwycfwkwPte1B42hs6QA0gYhjaOKqW4PZ4pjaW9UrlDX5eVt/OjncE7BFTPL5nmZhg=="],

    "@radix-ui/react-use-callback-ref": ["@radix-ui/react-use-callback-ref@1.1.4", "", { "peerDependencies": { "@types/react": "*", "react": "^16.8 || ^17.0 || ^18.0 || ^19.0 || ^19.0.0-rc" }, "optionalPeers": ["@types/react"] }, "sha512-R6OUY2e2fA6Yn6s+VSx5KBV6Nx8LQEhu+cz7LCej18rQ1HLyg9PSC9jP/ZNx0o6FAIK9c0F1kHylzSxKsdlkrQ=="],

    "@radix-ui/react-use-controllable-state": ["@radix-ui/react-use-controllable-state@1.2.6", "", { "dependencies": { "@radix-ui/primitive": "1.1.7", "@radix-ui/react-use-effect-event": "0.0.5", "@radix-ui/react-use-layout-effect": "1.1.4" }, "peerDependencies": { "@types/react": "*", "react": "^16.8 || ^17.0 || ^18.0 || ^19.0 || ^19.0.0-rc" }, "optionalPeers": ["@types/react"] }, "sha512-uEQJGT97ZA/TgP/Hydw47lHu+/vQj6z/0jA+WeTbK1o9Rx45GImjpD0tc3W5ad3D6XTSR6e1yEO0FvGq6WQfVQ=="],

    "@radix-ui/react-use-effect-event": ["@radix-ui/react-use-effect-event@0.0.5", "", { "dependencies": { "@radix-ui/react-use-layout-effect": "1.1.4" }, "peerDependencies": { "@types/react": "*", "react": "^16.8 || ^17.0 || ^18.0 || ^19.0 || ^19.0.0-rc" }, "optionalPeers": ["@types/react"] }, "sha512-7cshFL8HGS/7HEiHH+9kL9HBwp2sa9yX18Knwek6KYWmXwM7pegMgta2AXMQKI+rq3JnfSj9x8wYqFMTdG1Jgg=="],

    "@radix-ui/react-use-layout-effect": ["@radix-ui/react-use-layout-effect@1.1.4", "", { "peerDependencies": { "@types/react": "*", "react": "^16.8 || ^17.0 || ^18.0 || ^19.0 || ^19.0.0-rc" }, "optionalPeers": ["@types/react"] }, "sha512-K20DkRkUwDnxEYMBPcg3Y6voLkEy5p5QQmszZgLngKKiC7dzBR/aEuK3w1qlx2JWDUNH6FluahYdgR3BP+QbYw=="],

    "@radix-ui/react-use-rect": ["@radix-ui/react-use-rect@1.1.4", "", { "dependencies": { "@radix-ui/rect": "1.1.3" }, "peerDependencies": { "@types/react": "*", "react": "^16.8 || ^17.0 || ^18.0 || ^19.0 || ^19.0.0-rc" }, "optionalPeers": ["@types/react"] }, "sha512-cSOCh6JlkmfjLyNcLiu2nB4v+nm+dkZ+Q5KHWk/soo4U7ZLiEQFKHK9/YmtBHjfCEaU43IBKQOc4/uJmCaiCTQ=="],

    "@radix-ui/react-use-size": ["@radix-ui/react-use-size@1.1.4", "", { "dependencies": { "@radix-ui/react-use-layout-effect": "1.1.4" }, "peerDependencies": { "@types/react": "*", "react": "^16.8 || ^17.0 || ^18.0 || ^19.0 || ^19.0.0-rc" }, "optionalPeers": ["@types/react"] }, "sha512-D3anSY15EJoxrihpsXI6SMrmmonnQtR2ni7arO+Lfdg3O95b9hNXxONk8jA5C8ANdF/h5HMAxejgs8PWJ6rlhw=="],

    "@radix-ui/react-visually-hidden": ["@radix-ui/react-visually-hidden@1.2.11", "", { "dependencies": { "@radix-ui/react-primitive": "2.1.10" }, "peerDependencies": { "@types/react": "*", "@types/react-dom": "*", "react": "^16.8 || ^17.0 || ^18.0 || ^19.0 || ^19.0.0-rc", "react-dom": "^16.8 || ^17.0 || ^18.0 || ^19.0 || ^19.0.0-rc" }, "optionalPeers": ["@types/react", "@types/react-dom"] }, "sha512-NFS86RYYZb4/exihaESBGOpMJFz8MGLAfu3mOBSGByVnVPC9JPASfYubxd/8KbkQK0sYAv8lVQDEQukDX/qXvQ=="],

    "@radix-ui/rect": ["@radix-ui/rect@1.1.3", "", {}, "sha512-JtyZR+mqgBibTo8xea3B6ZRmzZiM/YeVBtUkas6zMuXjAlfIFIW2FgqeM9eLyvEaYX66vr6DJMK+4U6LV0KhNw=="],

    "@tybys/wasm-util": ["@tybys/wasm-util@0.10.3", "", { "dependencies": { "tslib": "^2.4.0" } }, "sha512-F3fo1MYrRJYL3zER0OUOmkutjr1Vp23m7OsSgp7nq4SP6OqX6C/56XFIPAl5bt3zaBRjmW7SGz3u/6LwFpYcOg=="],

    "@types/bun": ["@types/bun@1.4.2", "", { "dependencies": { "bun-types": "1.4.2" } }, "sha512-GimotNn7+ZV0uVArItBbriZsR1oNf0+WTzPkdcFrzShI7k2norL0uzEaJT8T33dWr7O/c9ZDuAFQrctKCi72oQ=="],

    "@types/node": ["@types/node@26.4.0", "", { "dependencies": { "undici-types": "~8.3.0" } }, "sha512-faiGnoIrLH/V8cibOMEAZ8pMw6oXqSukl29ra4mN8GdaB2ZewzeaLj+INpV5N+Z1eKWzY+IzaIZH2EIR6YZRNQ=="],

    "@types/react": ["@types/react@19.3.0", "", { "dependencies": { "csstype": "^3.2.2" } }, "sha512-N0rFCuH9YoxG9/m61l9MfpJKfmLOVU0em7ipIz6TRgSSkvReLB9vL85GB+yr8Bs5leqpvg96JSwF4ZS1s4viQg=="],

    "@types/react-dom": ["@types/react-dom@19.3.0", "", { "peerDependencies": { "@types/react": "^19.3.0" } }, "sha512-ZI7bU42mZXXKHn/qNLEw2IrbiINU7X5+vfgdixBHkCNpYWXjKgfQ/P+uyGb5CjOLB9UcnTeg3rylQtV2hym44Q=="],

    "agent-base": ["agent-base@7.1.4", "", {}, "sha512-MnA+YT8fwfJPgBx3m60MNqakm30XOkyIoH1y6huTQvC0PwZG7ki8NacLBcrPbNoo8vEZy7Jpuk7+jMO+CUovTQ=="],

    "ansi-regex": ["ansi-regex@6.3.0", "", {}, "sha512-WpDfL7NO6j7tH88IDBNVdUJxDh9nmCteAVW9dsep846XdwF4naCBK+/tGLX3KJgcpgMRXCFlTM2hKGoK9FsdrQ=="],

    "base64-js": ["base64-js@1.5.1", "", {}, "sha512-AKpaYlHn8t4SVbOHCy+b5+KKgvR4vrsD8vbvrbiQJps7fKDTkjkDry6ji0rUJjC0kzbNePLwzxq8iypo41qeWA=="],

    "bignumber.js": ["bignumber.js@9.3.1", "", {}, "sha512-Ko0uX15oIUS7wJ3Rb30Fs6SkVbLmPBAKdlm7q9+ak9bbIeFf0MwuBsQV6z7+X768/cHsfg+WlysDWJcmthjsjQ=="],

    "buffer-equal-constant-time": ["buffer-equal-constant-time@1.0.1", "", {}, "sha512-zRpUiDwd/xk6ADqPMATG8vc9VPrkck7T07OIx0gnjmJAnHnTVXNQG3vfvWNuiZIkwu9KrKdA1iJKfsfTVxE6NA=="],

    "bun": ["bun@1.4.2", "", { "optionalDependencies": { "@oven/bun-darwin-aarch64": "1.4.2", "@oven/bun-darwin-x64": "1.4.2", "@oven/bun-freebsd-aarch64": "1.4.2", "@oven/bun-freebsd-x64": "1.4.2", "@oven/bun-linux-aarch64": "1.4.2", "@oven/bun-linux-aarch64-android": "1.4.2", "@oven/bun-linux-aarch64-musl": "1.4.2", "@oven/bun-linux-x64": "1.4.2", "@oven/bun-linux-x64-android": "1.4.2", "@oven/bun-linux-x64-musl": "1.4.2", "@oven/bun-windows-aarch64": "1.4.2", "@oven/bun-windows-x64": "1.4.2" }, "os": [ "!aix", "!sunos", "!openbsd", ], "cpu": [ "x64", "arm64", ], "bin": { "bun": "bin/bun.exe", "bunx": "bin/bunx.exe" } }, "sha512-TrSXo6HJfIEaczpb3kjX82I2pL47vK1QUNmHRCUdz9IzaOwa9lzOXSWwu2l18YHE3sNfGRapVLd4nNm+22vVVA=="],

    "bun-ffi-structs": ["bun-ffi-structs@0.3.1", "", { "peerDependencies": { "typescript": "^5" } }, "sha512-3gM7PpVWLyrwxWjcilSiGuhWanhZivvo6l0u573NziPH6f/gwk6McbaYgn7oJWov6pKGRTDbrg94W5DcJsKTtQ=="],

    "bun-plugin-tailwind": ["bun-plugin-tailwind@0.1.2", "", { "peerDependencies": { "bun": ">=1.0.0" } }, "sha512-41jNC1tZRSK3s1o7pTNrLuQG8kL/0vR/JgiTmZAJ1eHwe0w5j6HFPKeqEk0WAD13jfrUC7+ULuewFBBCoADPpg=="],

    "bun-types": ["bun-types@1.4.2", "", { "dependencies": { "@types/node": "*" } }, "sha512-bxV1FgK7yBIzjRe5zBozIM4Bem11ZJcCXSrjWRG3YWLt8yFDePu4cLjpebO8OvPeIE9trbyPF4fuj3Cia4Fj3w=="],

    "class-variance-authority": ["class-variance-authority@0.7.1", "", { "dependencies": { "clsx": "^2.1.1" } }, "sha512-Ka+9Trutv7G8M6WT6SeiRWz792K5qEqIGEGzXKhAE6xOWAY6pPH8U+9IY3oCMv6kqTmLsv7Xh/2w2RigkePMsg=="],

    "cli-spinners": ["cli-spinners@3.4.0", "", {}, "sha512-bXfOC4QcT1tKXGorxL3wbJm6XJPDqEnij2gQ2m7ESQuE+/z9YFIWnl/5RpTiKWbMq3EVKR4fRLJGn6DVfu0mpw=="],

    "clsx": ["clsx@2.1.1", "", {}, "sha512-eYm0QWBtUrBWZWG0d386OGAw16Z995PiOVo2B7bjWSbHedGl5e0ZWaq65kOGgUSNesEIDkB9ISbTg/JK9dhCZA=="],

    "commander": ["commander@15.0.0", "", {}, "sha512-z67u4ZhzCL/Tydu1lJARtEZYWbWaN7oYLHbsuzocr6y4N6WZAagG3RQ4FW61V1/0+jImpj293XfrcYnd1qxtPg=="],

    "csstype": ["csstype@3.2.3", "", {}, "sha512-z1HGKcYy2xA8AGQfwrn0PAy+PB7X/GSj3UVJW9qKyn43xWa+gl5nXmU4qqLMRzWVLFC8KusUX8T/0kCiOYpAIQ=="],

    "data-uri-to-buffer": ["data-uri-to-buffer@4.0.1", "", {}, "sha512-0R9ikRb668HB7QDxT1vkpuUBtqc53YyAwMwGeUFKRojY/NWKvdZ+9UYtRfGmhqNbRkTSVpMbmyhXipFFv2cb/A=="],

    "debug": ["debug@4.4.3", "", { "dependencies": { "ms": "^2.1.3" }, "peerDependencies": { "supports-color": "*" }, "optionalPeers": ["supports-color"] }, "sha512-RGwwWnwQvkVfavKVt22FGLw+xYSdzARwm0ru6DhTVA3umU5hZc28V3kO4stgYryrTlLpuvgI9GiijltAjNbcqA=="],

    "diff": ["diff@9.0.0", "", {}, "sha512-svtcdpS8CgJyqAjEQIXdb3OjhFVVYjzGAPO8WGCmRbrml64SPw/jJD4GoE98aR7r25A0XcgrK3F02yw9R/vhQw=="],

    "dotenv": ["dotenv@17.4.2", "", {}, "sha512-nI4U3TottKAcAD9LLud4Cb7b2QztQMUEfHbvhTH09bqXTxnSie8WnjPALV/WMCrJZ6UV/qHJ6L03OqO3LcdYZw=="],

    "ecdsa-sig-formatter": ["ecdsa-sig-formatter@1.0.11", "", { "dependencies": { "safe-buffer": "^5.0.1" } }, "sha512-nagl3RYrbNv6kQkeJIpt6NJZy8twLB/2vtz6yN9Z4vRKHN4/QZJIEbqohALSgwKdnksuY3k5Addp5lg8sVoVcQ=="],

    "emoji-regex": ["emoji-regex@10.6.0", "", {}, "sha512-toUI84YS5YmxW219erniWD0CIVOo46xGKColeNQRgOzDorgBi1v4D71/OFzgD9GO2UGKIv1C3Sp8DAn0+j5w7A=="],

    "extend": ["extend@3.0.2", "", {}, "sha512-fjquC59cD7CyW6urNXK0FBufkZcoiGG80wTuPujX590cB5Ttln20E2UB4S/WARVqhXffZl2LNgS+gQdPIIim/g=="],

    "fd-package-json": ["fd-package-json@2.0.0", "", { "dependencies": { "walk-up-path": "^4.0.0" } }, "sha512-jKmm9YtsNXN789RS/0mSzOC1NUq9mkVd65vbSSVsKdjGvYXBuE4oWe2QOEoFeRmJg+lPuZxpmrfFclNhoRMneQ=="],

    "fdir": ["fdir@6.5.0", "", { "peerDependencies": { "picomatch": "^3 || ^4" }, "optionalPeers": ["picomatch"] }, "sha512-tIbYtZbucOs0BRGqPJkshJUYdL+SDH7dVM8gjy+ERp3WAUjLEFJE+02kanyHtwjWOnwrKYBiwAmM0p4kLJAnXg=="],

    "fetch-blob": ["fetch-blob@3.2.0", "", { "dependencies": { "node-domexception": "^1.0.0", "web-streams-polyfill": "^3.0.3" } }, "sha512-7yAQpD2UMJzLi1Dqv7qFYnPbaPx7ZfFK6PiIxQ4PfkGPyNyl2Ugx+a/umUonmKqjhM4DnfbMvdX6otXq83soQQ=="],

    "formatly": ["formatly@0.7.0", "", { "dependencies": { "fd-package-json": "^2.0.0", "package-manager-detector": "^1.8.0" }, "bin": { "formatly": "bin/index.mjs" } }, "sha512-7CXJtIIA0zy/u12StsYk25qVKxvdLA2ep2sTNxK3ov0mGNIIDqIvAXDSgTnAfDJFsPfWjuz0WjfYSdpvnLA5Tg=="],

    "formdata-polyfill": ["formdata-polyfill@4.0.10", "", { "dependencies": { "fetch-blob": "^3.1.2" } }, "sha512-buewHzMvYL29jdeQTVILecSaZKnt/RJWjoZCF5OW60Z67/GmSLBkOFM7qh1PI3zFNtJbaZL5eQu1vLfazOwj4g=="],

    "gaxios": ["gaxios@7.3.1", "", { "dependencies": { "extend": "^3.0.2", "https-proxy-agent": "^7.0.1", "node-fetch": "^3.3.2" } }, "sha512-kB3rzJV7d9juLZh8/56QTXCwQfxyhdOMdyYk1HdQKFtF8TJTDTZQJtixWIwXdE9Jji91mC41DUNpjleo4L4eAQ=="],

    "gcp-metadata": ["gcp-metadata@9.0.3", "", { "dependencies": { "gaxios": "^7.1.3", "google-logging-utils": "^2.0.0", "json-bigint": "^1.0.0" } }, "sha512-2YYnIlHaKBGT2IPg3G2M57hia9Galz15zsEOvw9T3oRf0lSn6KN6VcHQLqby7x8ksYKnjXvp3rp2KJyLCN6zfQ=="],

    "get-east-asian-width": ["get-east-asian-width@1.6.0", "", {}, "sha512-QRbvDIbx6YklUe6RxeTeleMR0yv3cYH6PsPZHcnVn7xv7zO1BHN8r0XETu8n6Ye3Q+ahtSarc3WgtNWmehIBfA=="],

    "get-tsconfig": ["get-tsconfig@4.14.3", "", { "dependencies": { "resolve-pkg-maps": "^1.0.0" } }, "sha512-++QEw4DIY7WGoukz+/+A/8dGYPT9l9yIadnmSgZ8Rjr3YVSVDipQSO9CdnJo9ePqFqUUqh+wk9uIaoiAwsiPkA=="],

    "google-auth-library": ["google-auth-library@11.0.2", "", { "dependencies": { "base64-js": "^1.3.0", "ecdsa-sig-formatter": "^1.0.11", "gaxios": "^7.1.4", "gcp-metadata": "^9.0.0", "google-logging-utils": "^2.0.0", "jws": "^4.0.0" } }, "sha512-vzpgPutxrghPsnjrjpzLX2bdv8IOL719Rh0oEjGnQu8YCIbnbMuTTQ5zU9LcKvLdOPgCxBwppbvnhgW90Qna5Q=="],

    "google-logging-utils": ["google-logging-utils@2.0.1", "", {}, "sha512-HMhaQghlOTvbcb3c4T5jmmOMtG3JUF1iOQMezaJXL86CDS+Tm2vHd0IeLFRAx3+ewd+bo9E1HFHoy17X5aJa9A=="],

    "https-proxy-agent": ["https-proxy-agent@7.0.6", "", { "dependencies": { "agent-base": "^7.1.2", "debug": "4" } }, "sha512-vK9P5/iUfdl95AI+JVyUuIcVtd4ofvtrOr3HNtM2yxC9bnMbEdp3x01OhQNnjb8IJYi38VlTE3mBXwcfvywuSw=="],

    "jiti": ["jiti@2.7.0", "", { "bin": { "jiti": "lib/jiti-cli.mjs" } }, "sha512-AC/7JofJvZGrrneWNaEnJeOLUx+JlGt7tNa0wZiRPT4MY1wmfKjt2+6O2p2uz2+skll8OZZmJMNqeke7kKbNgQ=="],

    "jscpd": ["jscpd@5.2.0", "", { "optionalDependencies": { "jscpd-darwin-arm64": "5.2.0", "jscpd-darwin-x64": "5.2.0", "jscpd-linux-arm64-gnu": "5.2.0", "jscpd-linux-arm64-musl": "5.2.0", "jscpd-linux-x64-gnu": "5.2.0", "jscpd-linux-x64-musl": "5.2.0", "jscpd-windows-arm64-msvc": "5.2.0", "jscpd-windows-x64-msvc": "5.2.0" }, "bin": { "jscpd": "run-jscpd.js" } }, "sha512-6f4qhJGIeR/ZvAkZByfpPw5H28SNEE4fgJ4GXxVuLMiEg7xWrAlUdm0crIJPY6dmykvgdM83ZRrWJXg11fQlYg=="],

    "jscpd-darwin-arm64": ["jscpd-darwin-arm64@5.2.0", "", { "os": "darwin", "cpu": "arm64" }, "sha512-QnEDfTH2MymizVHiEQpqfYEj63k1DW7QC0QBZoevh+o/iHQrHxKlgrakMysUIwIJlnmvqPB6iP/G3dBpFmnmeQ=="],

    "jscpd-darwin-x64": ["jscpd-darwin-x64@5.2.0", "", { "os": "darwin", "cpu": "x64" }, "sha512-P2lYEK0Yyn+0z7618+9A0NErywjaPrwSYcId3gRSt5l0cyKBwhMmyFLX/2t3G2HRi+GX+OT2A/YpWvvTzLJJ1A=="],

    "jscpd-linux-arm64-gnu": ["jscpd-linux-arm64-gnu@5.2.0", "", { "os": "linux", "cpu": "arm64" }, "sha512-UhdX9vvCFwoG1cViNqFyvxfqNtJ+xWbGsgZ5PbcgUx2OLWnvjhkjihPw/fOUM9IoxHaT66AE5pipaV/oQE/76A=="],

    "jscpd-linux-arm64-musl": ["jscpd-linux-arm64-musl@5.2.0", "", { "os": "linux", "cpu": "arm64" }, "sha512-13DsZCQ58fOMUX6mU8DZtiTdIk+9Gp2xLu6mtc6fmqqZRJoRHQSSDvMqRVedCqArquxc0I+tqQtZO4n7/8QJxA=="],

    "jscpd-linux-x64-gnu": ["jscpd-linux-x64-gnu@5.2.0", "", { "os": "linux", "cpu": "x64" }, "sha512-p88BpA5QzyZzyF8uYeVCz9ZBoZYg8s6AwcDc3NkIDNTbrrF0sKqgGjclGWAoJvYAiGExiFNqV768pVHsE//l0Q=="],

    "jscpd-linux-x64-musl": ["jscpd-linux-x64-musl@5.2.0", "", { "os": "linux", "cpu": "x64" }, "sha512-6DgIxJpS7L4bb1DkYrqC0SflMY2/2/3Dl0kZJ1In6SeSENcTaZ12W1zX3kNf7wVUDFgPi94TuSxrw3N2TqRhRg=="],

    "jscpd-windows-arm64-msvc": ["jscpd-windows-arm64-msvc@5.2.0", "", { "os": "win32", "cpu": "arm64" }, "sha512-DI84oCG+L5sYhmYanXjjydXlFzC194/NJA6F7W8cmOI1rKSnWrgIjUtvTmXumygwTK/eAXkK7rFBqFnyiLEzdw=="],

    "jscpd-windows-x64-msvc": ["jscpd-windows-x64-msvc@5.2.0", "", { "os": "win32", "cpu": "x64" }, "sha512-EH4chck2EIehosfy7q6hxaKgzlaZv/dZhUHtjBmBf81d5/ZDfa6BsKw2gM8PSoNC0QXznWXv9uQcFWsV+P9v8A=="],

    "json-bigint": ["json-bigint@1.0.0", "", { "dependencies": { "bignumber.js": "^9.0.0" } }, "sha512-SiPv/8VpZuWbvLSMtTDU8hEfrZWg/mH/nV/b4o0CYbSxu1UIQPLdwKOCIyLQX+VIPO5vrLX3i8qtqFyhdPSUSQ=="],

    "jwa": ["jwa@2.0.1", "", { "dependencies": { "buffer-equal-constant-time": "^1.0.1", "ecdsa-sig-formatter": "1.0.11", "safe-buffer": "^5.0.1" } }, "sha512-hRF04fqJIP8Abbkq5NKGN0Bbr3JxlQ+qhZufXVr0DvujKy93ZCbXZMHDL4EOtodSbCWxOqR8MS1tXA5hwqCXDg=="],

    "jws": ["jws@4.0.1", "", { "dependencies": { "jwa": "^2.0.1", "safe-buffer": "^5.0.1" } }, "sha512-EKI/M/yqPncGUUh44xz0PxSidXFr/+r0pA70+gIYhjv+et7yxM+s29Y+VGDkovRofQem0fs7Uvf4+YmAdyRduA=="],

    "knip": ["knip@6.35.1", "", { "dependencies": { "fdir": "^6.5.0", "formatly": "^0.7.0", "get-tsconfig": "4.14.3", "jiti": "^2.7.0", "oxc-parser": "^0.148.0", "oxc-resolver": "11.24.2", "picomatch": "^4.0.7", "smol-toml": "^1.8.0", "strip-json-comments": "5.0.3", "tinyglobby": "^0.2.17", "unbash": "^4.0.11", "yaml": "^2.9.0", "zod": "^4.4.3" }, "bin": { "knip": "bin/knip.js", "knip-bun": "bin/knip-bun.js" } }, "sha512-22wnEnv4do2fvoeJsxpFCG/MBxReNxoCVBccaCl7suUJsG+F0UvxI9ycxZ9YgtLHSSjrZl5tOas0JZ/R1vJ93g=="],

    "lucide-react": ["lucide-react@1.46.0", "", { "peerDependencies": { "react": "^16.5.1 || ^17.0.0 || ^18.0.0 || ^19.0.0" } }, "sha512-Bv+FZXgZPrxc/NCl1e7JJVQFLdiCxYgxNVhqoV7X0p6I8ADJo8DxBnK1auH0fZz4AmqOJ3jgneL4f1i8LJQRAA=="],

    "marked": ["marked@17.0.1", "", { "bin": { "marked": "bin/marked.js" } }, "sha512-boeBdiS0ghpWcSwoNm/jJBwdpFaMnZWRzjA6SkUMYb40SVaN1x7mmfGKp0jvexGcx+7y2La5zRZsYFZI6Qpypg=="],

    "ms": ["ms@2.1.3", "", {}, "sha512-6FlzubTLZG3J2a/NVCAleEhjzq5oxgHyaCU9yYXvcLsvoVaHJq/s5xXI6/XXP6tz7R9xAOtHnSO/tXtF3WRTlA=="],

    "node-domexception": ["node-domexception@1.0.0", "", {}, "sha512-/jKZoMpw0F8GRwl4/eLROPA3cfcXtLApP0QzLmUT/HuPCZWyB7IY9ZrMeKw2O/nFIqPQB3PVM9aYm0F312AXDQ=="],

    "node-fetch": ["node-fetch@3.3.2", "", { "dependencies": { "data-uri-to-buffer": "^4.0.0", "fetch-blob": "^3.1.4", "formdata-polyfill": "^4.0.10" } }, "sha512-dRB78srN/l6gqWulah9SrxeYnxeddIG30+GOqK/9OlLVyLg3HPnr6SqOWTWOXKRwC2eGYCkZ59NNuSgvSrpgOA=="],

    "oxc-parser": ["oxc-parser@0.148.0", "", { "dependencies": { "@oxc-project/types": "^0.148.0" }, "optionalDependencies": { "@oxc-parser/binding-android-arm-eabi": "0.148.0", "@oxc-parser/binding-android-arm64": "0.148.0", "@oxc-parser/binding-darwin-arm64": "0.148.0", "@oxc-parser/binding-darwin-x64": "0.148.0", "@oxc-parser/binding-freebsd-x64": "0.148.0", "@oxc-parser/binding-linux-arm-gnueabihf": "0.148.0", "@oxc-parser/binding-linux-arm-musleabihf": "0.148.0", "@oxc-parser/binding-linux-arm64-gnu": "0.148.0", "@oxc-parser/binding-linux-arm64-musl": "0.148.0", "@oxc-parser/binding-linux-ppc64-gnu": "0.148.0", "@oxc-parser/binding-linux-riscv64-gnu": "0.148.0", "@oxc-parser/binding-linux-riscv64-musl": "0.148.0", "@oxc-parser/binding-linux-s390x-gnu": "0.148.0", "@oxc-parser/binding-linux-x64-gnu": "0.148.0", "@oxc-parser/binding-linux-x64-musl": "0.148.0", "@oxc-parser/binding-openharmony-arm64": "0.148.0", "@oxc-parser/binding-win32-arm64-msvc": "0.148.0", "@oxc-parser/binding-win32-ia32-msvc": "0.148.0", "@oxc-parser/binding-win32-x64-msvc": "0.148.0" } }, "sha512-syxUKHeUll89RIABQADcI7sikYrwyssvA6gj4phSSIPezKVM8yMaLAiLLSc7fmzVvrwybfFGFbW5zme9sX87rg=="],

    "oxc-resolver": ["oxc-resolver@11.24.2", "", { "optionalDependencies": { "@oxc-resolver/binding-android-arm-eabi": "11.24.2", "@oxc-resolver/binding-android-arm64": "11.24.2", "@oxc-resolver/binding-darwin-arm64": "11.24.2", "@oxc-resolver/binding-darwin-x64": "11.24.2", "@oxc-resolver/binding-freebsd-x64": "11.24.2", "@oxc-resolver/binding-linux-arm-gnueabihf": "11.24.2", "@oxc-resolver/binding-linux-arm-musleabihf": "11.24.2", "@oxc-resolver/binding-linux-arm64-gnu": "11.24.2", "@oxc-resolver/binding-linux-arm64-musl": "11.24.2", "@oxc-resolver/binding-linux-ppc64-gnu": "11.24.2", "@oxc-resolver/binding-linux-riscv64-gnu": "11.24.2", "@oxc-resolver/binding-linux-riscv64-musl": "11.24.2", "@oxc-resolver/binding-linux-s390x-gnu": "11.24.2", "@oxc-resolver/binding-linux-x64-gnu": "11.24.2", "@oxc-resolver/binding-linux-x64-musl": "11.24.2", "@oxc-resolver/binding-openharmony-arm64": "11.24.2", "@oxc-resolver/binding-wasm32-wasi": "11.24.2", "@oxc-resolver/binding-win32-arm64-msvc": "11.24.2", "@oxc-resolver/binding-win32-x64-msvc": "11.24.2" } }, "sha512-FY91FiDBj7ls5MsFS9jN3tjz2o0/zsdSsymlakySaBwVJZorHhkWyICLZMKxlu1R9vYo+sd3z1jwb4J8x7bNDw=="],

    "package-manager-detector": ["package-manager-detector@1.8.0", "", {}, "sha512-yQA4H19AmPEoMUeavPMDIe1higySl/gH/yaQrkT/s07Qp+7pp2hYz30N3z2l5BkjVkF9Ow6o0wjJamm2y7Sn0A=="],

    "picomatch": ["picomatch@4.0.7", "", {}, "sha512-qcJu88Q2IWqJsDD529JKMdwGm/dvInW4HvQnRwiH9JtihJvzGOscDtHE3x1pBKeUOTysQ8kVmLnJ2kJu7yhcGA=="],

    "react": ["react@19.3.0", "", {}, "sha512-E8LUcbtBWt20bbl2YoHfx4ZDBdxVTfOKtCZn9cDSJ4l6/nuoApcpIBcj47t2wZoVX8g2ZHuMHbiShgCR1T5Sog=="],

    "react-devtools-core": ["react-devtools-core@7.0.1", "", { "dependencies": { "shell-quote": "^1.6.1", "ws": "^7" } }, "sha512-C3yNvRHaizlpiASzy7b9vbnBGLrhvdhl1CbdU6EnZgxPNbai60szdLtl+VL76UNOt5bOoVTOz5rNWZxgGt+Gsw=="],

    "react-dom": ["react-dom@19.3.0", "", { "dependencies": { "scheduler": "^0.28.0" }, "peerDependencies": { "react": "^19.3.0" } }, "sha512-JDk8dgif51OjFoDE70+OT9ICyYr+69HlmihNwp1+Nsfbna3t5sIiCa9ZJktDmQ4/1b/rn26hIAR2uYXDMr5r0Q=="],

    "react-reconciler": ["react-reconciler@0.33.0", "", { "dependencies": { "scheduler": "^0.27.0" }, "peerDependencies": { "react": "^19.2.0" } }, "sha512-KetWRytFv1epdpJc3J4G75I4WrplZE5jOL7Yq0p34+OVOKF4Se7WrdIdVC45XsSSmUTlht2FM/fM1FZb1mfQeA=="],

    "resolve-pkg-maps": ["resolve-pkg-maps@1.0.0", "", {}, "sha512-seS2Tj26TBVOC2NIc2rOe2y2ZO7efxITtLZcGSOnHHNOQ7CkiUBfw0Iw2ck6xkIhPwLhKNLS8BO+hEpngQlqzw=="],

    "safe-buffer": ["safe-buffer@5.2.1", "", {}, "sha512-rp3So07KcdmmKbGvgaNxQSJr7bGVSVk5S9Eq1F+ppbRo70+YeaDxkw5Dd8NPN+GD6bjnYm2VuPuCXmpuYvmCXQ=="],

    "scheduler": ["scheduler@0.28.0", "", {}, "sha512-juorfCmIkIw8tT+p5BXSm6PJjQF/ycEYmKyzURCIt/RaZIhL+PulbQ9Yu2z1HdOJDdqDTlxA1+xKBmHXJsczAw=="],

    "shell-quote": ["shell-quote@1.10.0", "", {}, "sha512-w1aiOKwKuRgtwAReIIj89puqg+I7GvX4IbLrvmhXbzQsj1+Zwi4VO3+fa6ZF91TWSjIxoEkKnMeHcLEODK5ZXA=="],

    "smol-toml": ["smol-toml@1.8.0", "", {}, "sha512-kCZr2V3ch9i00x8zXRhjUNVcjG9ijES5dDudkXvUVCT5QlJNQWElSJdZqyPemffHoLNUYwOcou0Fy+ojN0uHSQ=="],

    "string-width": ["string-width@7.2.0", "", { "dependencies": { "emoji-regex": "^10.3.0", "get-east-asian-width": "^1.0.0", "strip-ansi": "^7.1.0" } }, "sha512-tsaTIkKW9b4N+AEj+SVA+WhJzV7/zMhcSu78mLKWSk7cXMOSHsBKFWUs0fWwq8QyK3MgJBQRX6Gbi4kYbdvGkQ=="],

    "strip-ansi": ["strip-ansi@7.1.2", "", { "dependencies": { "ansi-regex": "^6.0.1" } }, "sha512-gmBGslpoQJtgnMAvOVqGZpEz9dyoKTCzy2nfz/n8aIFhN/jCE/rCmcxabB6jOOHV+0WNnylOxaxBQPSvcWklhA=="],

    "strip-json-comments": ["strip-json-comments@5.0.3", "", {}, "sha512-1tB5mhVo7U+ETBKNf92xT4hrQa3pm0MZ0PQvuDnWgAAGHDsfp4lPSpiS6psrSiet87wyGPh9ft6wmhOMQ0hDiw=="],

    "tailwind-merge": ["tailwind-merge@3.7.0", "", {}, "sha512-XPPUyAc+cvspz3lHTcR/QgPfW2A0lv/xQNIjX3HGhLR+Nq2lHaLq5MtTesHn8GUr3W3DguT2KT5x3NVgRtYwmA=="],

    "tailwindcss": ["tailwindcss@4.3.3", "", {}, "sha512-gOhV3P7ufE62QDGg1zVaTgCR+EtPv92k2nIhVcVKcLmxT1sUBsQGhnZj175j+MqRt4zLF7ic+sCYjfhxMxj7YQ=="],

    "tinyglobby": ["tinyglobby@0.2.17", "", { "dependencies": { "fdir": "^6.5.0", "picomatch": "^4.0.4" } }, "sha512-wXR/dYpcqKmfWpEdZjiKJOwCNFndD0DMnrW/cYjVGttEkBfVgcLFHoNrlj47mjOVic9yyNu65alsgF4NQyTa2g=="],

    "tslib": ["tslib@2.8.1", "", {}, "sha512-oJFu94HQb+KVduSUQL7wnpmqnfmLsOA/nAh6b6EH0wCEoK0/mPeXU6c3wKDV83MkOuHPRHtSXKKU99IBazS/2w=="],

    "typescript": ["typescript@6.0.3", "", { "bin": { "tsc": "bin/tsc", "tsserver": "bin/tsserver" } }, "sha512-y2TvuxSZPDyQakkFRPZHKFm+KKVqIisdg9/CZwm9ftvKXLP8NRWj38/ODjNbr43SsoXqNuAisEf1GdCxqWcdBw=="],

    "unbash": ["unbash@4.0.11", "", {}, "sha512-FoSOKV7NEofQSkAefMVHam4ZPKYMxjAydxiV72UFEDNV/YofxjGfiZ2A9pZjdL/lRJzTjcu4PABo1JYJX8N5iQ=="],

    "undici-types": ["undici-types@8.3.0", "", {}, "sha512-j375ScV60dom+YkPFIfTLcOiPxkN/buHz5GobjLhixFuANaNs3C9l4GmrWqejgXWJ7BbJcFYpTEUkS1Ge8bpZQ=="],

    "uplot": ["uplot@1.6.32", "", {}, "sha512-KIMVnG68zvu5XXUbC4LQEPnhwOxBuLyW1AHtpm6IKTXImkbLgkMy+jabjLgSLMasNuGGzQm/ep3tOkyTxpiQIw=="],

    "walk-up-path": ["walk-up-path@4.0.0", "", {}, "sha512-3hu+tD8YzSLGuFYtPRb48vdhKMi0KQV5sn+uWr8+7dMEq/2G/dtLrdDinkLjqq5TIbIBjYJ4Ax/n3YiaW7QM8A=="],

    "web-streams-polyfill": ["web-streams-polyfill@3.3.3", "", {}, "sha512-d2JWLCivmZYTSIoge9MsgFCZrt571BikcWGYkjC1khllbTeDlGqZ2D8vD8E/lJa8WGWbb7Plm8/XJYV7IJHZZw=="],

    "web-tree-sitter": ["web-tree-sitter@0.25.10", "", { "peerDependencies": { "@types/emscripten": "^1.40.0" }, "optionalPeers": ["@types/emscripten"] }, "sha512-Y09sF44/13XvgVKgO2cNDw5rGk6s26MgoZPXLESvMXeefBf7i6/73eFurre0IsTW6E14Y0ArIzhUMmjoc7xyzA=="],

    "ws": ["ws@8.21.3", "", { "peerDependencies": { "bufferutil": "^4.0.1", "utf-8-validate": ">=5.0.2" }, "optionalPeers": ["bufferutil", "utf-8-validate"] }, "sha512-201TZ/kPWxoPr/OKWjquZR1SWKXcvxdH+e1xrx89b3YbmzLMFCLfnaG1HFIgWzJOEWZ7MvpK++odZufgYR50Rw=="],

    "yaml": ["yaml@2.9.1", "", { "bin": { "yaml": "bin.mjs" } }, "sha512-3NxN8+78OdzbT7C/WjGsyfPAtJaN3FNDsWxv7Y7mcDsT/oOmgW8BpyQQFFBnvZE3j9Y2Sdz1ULFLezL7Eb2yFw=="],

    "zod": ["zod@4.6.5", "", {}, "sha512-v5l/aFXZQeai4awLbOpSoHecE9UiMrnfx75tEXLjNonXVARxQ5mOeipTjROUchszUNCqnE+hqAMujRsRHsut2Q=="],

    "react-devtools-core/ws": ["ws@7.5.13", "", { "peerDependencies": { "bufferutil": "^4.0.1", "utf-8-validate": "^5.0.2" }, "optionalPeers": ["bufferutil", "utf-8-validate"] }, "sha512-rsKI6xDBFVf4r/x8XyChGK04QR/XHroxs/jUcoWvtEZM8TPU/X/uIY9B1CsSzYws9ZJb/6bbBu7dPhFW00CAoA=="],

    "react-reconciler/scheduler": ["scheduler@0.27.0", "", {}, "sha512-eNv+WrVbKu1f3vbYJT/xtiF5syA5HPIMtf9IgY/nKg0sWqzAUEvqY/xm7OcZc/qafLx/iO9FgOmeSAp4v5ti/Q=="],
  }
}
